
Microsoft Visual Studio Solution File, Format Version 12.00
# Visual Studio Version 18
VisualStudioVersion = 18.3.11326.39 main
MinimumVisualStudioVersion = 10.0.40219.1
Project("{FAE04EC0-301F-11D3-BF4B-00C04F79EFBC}") = "OpenCommandLine", "src\OpenCommandLine\OpenCommandLine.csproj", "{ADE3EF15-69C4-48AC-ABE1-9C645C992558}"
EndProject
Global
	GlobalSection(SolutionConfigurationPlatforms) = preSolution
		Debug|Any CPU = Debug|Any CPU
		Release.Lab|Any CPU = Release.Lab|Any CPU
		Release|Any CPU = Release|Any CPU
	EndGlobalSection
	GlobalSection(ProjectConfigurationPlatforms) = postSolution
		{ADE3EF15-69C4-48AC-ABE1-9C645C992558}.Debug|Any CPU.ActiveCfg = Debug|Any CPU
		{ADE3EF15-69C4-48AC-ABE1-9C645C992558}.Debug|Any CPU.Build.0 = Debug|Any CPU
		{ADE3EF15-69C4-48AC-ABE1-9C645C992558}.Release.Lab|Any CPU.ActiveCfg = Release.Lab|Any CPU
		{ADE3EF15-69C4-48AC-ABE1-9C645C992558}.Release.Lab|Any CPU.Build.0 = Release.Lab|Any CPU
		{ADE3EF15-69C4-48AC-ABE1-9C645C992558}.Release|Any CPU.ActiveCfg = Release|Any CPU
		{ADE3EF15-69C4-48AC-ABE1-9C645C992558}.Release|Any CPU.Build.0 = Release|Any CPU
	EndGlobalSection
	GlobalSection(SolutionProperties) = preSolution
		HideSolutionNode = FALSE
	EndGlobalSection
	GlobalSection(ExtensibilityGlobals) = postSolution
		SolutionGuid = {3B7E2AD1-5550-477B-8CB8-0A3E3DCE8356}
	EndGlobalSection
EndGlobal
